dependencies:
- name: mysql
  repository: oci://registry-1.docker.io/bitnamicharts
  version: 12.2.0
- name: postgresql
  repository: oci://registry-1.docker.io/bitnamicharts
  version: 12.12.10
- name: postgresql-ha
  repository: oci://registry-1.docker.io/bitnamicharts
  version: 15.1.4
digest: sha256:d03c73f8bdeb5661f881f83a2ada07c77266ecd80f11cdd038ba9afb501d3b65
generated: "2024-12-28T02:25:11.353926-05:00"
